
Microsoft Visual Studio Solution File, Format Version 12.00
# Visual Studio 15
VisualStudioVersion = 15.0.28307.271
MinimumVisualStudioVersion = 10.0.40219.1
Project("{FAE04EC0-301F-11D3-BF4B-00C04F79EFBC}") = "Basics", "Szopa\Basics.csproj", "{DF335309-1427-40DB-9A63-87134839F416}"
EndProject
Project("{FAE04EC0-301F-11D3-BF4B-00C04F79EFBC}") = "Kalkulator", "Kalkulator\Kalkulator.csproj", "{5484EAB2-A760-4BE4-A25D-F88B467105FC}"
EndProject
Project("{FAE04EC0-301F-11D3-BF4B-00C04F79EFBC}") = "FirstCalculator", "FirstCalculator\FirstCalculator.csproj", "{6596B3AC-6C77-42A7-93FC-A49086C5C4E5}"
EndProject
Project("{FAE04EC0-301F-11D3-BF4B-00C04F79EFBC}") = "Tablice", "Tablice\Tablice.csproj", "{12A7207B-FF75-41B0-9F84-265295460BA9}"
EndProject
Project("{FAE04EC0-301F-11D3-BF4B-00C04F79EFBC}") = "Loops", "Loops\Loops.csproj", "{A084EB95-8291-4F31-9A19-35A321C32F3E}"
EndProject
Project("{FAE04EC0-301F-11D3-BF4B-00C04F79EFBC}") = "Cars", "Cars\Cars.csproj", "{7249253C-4AB2-409E-9AC9-DBD8F8D31E8B}"
EndProject
Project("{FAE04EC0-301F-11D3-BF4B-00C04F79EFBC}") = "EnumExample", "Enum\EnumExample.csproj", "{7A5B2469-B97C-4031-9A47-BEB06C69AD33}"
EndProject
Project("{FAE04EC0-301F-11D3-BF4B-00C04F79EFBC}") = "PropertyHmw", "PropertyHmw\PropertyHmw.csproj", "{6D6AF6A1-9C29-4FE0-A637-8E52B82583CE}"
EndProject
Project("{FAE04EC0-301F-11D3-BF4B-00C04F79EFBC}") = "StaticEx", "StaticEx\StaticEx.csproj", "{6AA3F9AF-6A70-4EF9-A1B2-52E5CACED215}"
EndProject
Project("{FAE04EC0-301F-11D3-BF4B-00C04F79EFBC}") = "Phn", "Phn\Phn.csproj", "{03FE4AEB-105C-44AC-B27E-DED3F21DE8A2}"
EndProject
Project("{FAE04EC0-301F-11D3-BF4B-00C04F79EFBC}") = "PatientNewsletter", "PatientNewsletter\PatientNewsletter.csproj", "{78517DCD-228E-4A6B-B987-60571AE11FFD}"
EndProject
Project("{FAE04EC0-301F-11D3-BF4B-00C04F79EFBC}") = "Animals", "Animals\Animals.csproj", "{062E1CBF-5F92-4943-960E-29EDC209DEE0}"
EndProject
Global
	GlobalSection(SolutionConfigurationPlatforms) = preSolution
		Debug|Any CPU = Debug|Any CPU
		Release|Any CPU = Release|Any CPU
	EndGlobalSection
	GlobalSection(ProjectConfigurationPlatforms) = postSolution
		{DF335309-1427-40DB-9A63-87134839F416}.Debug|Any CPU.ActiveCfg = Debug|Any CPU
		{DF335309-1427-40DB-9A63-87134839F416}.Debug|Any CPU.Build.0 = Debug|Any CPU
		{DF335309-1427-40DB-9A63-87134839F416}.Release|Any CPU.ActiveCfg = Release|Any CPU
		{DF335309-1427-40DB-9A63-87134839F416}.Release|Any CPU.Build.0 = Release|Any CPU
		{5484EAB2-A760-4BE4-A25D-F88B467105FC}.Debug|Any CPU.ActiveCfg = Debug|Any CPU
		{5484EAB2-A760-4BE4-A25D-F88B467105FC}.Debug|Any CPU.Build.0 = Debug|Any CPU
		{5484EAB2-A760-4BE4-A25D-F88B467105FC}.Release|Any CPU.ActiveCfg = Release|Any CPU
		{5484EAB2-A760-4BE4-A25D-F88B467105FC}.Release|Any CPU.Build.0 = Release|Any CPU
		{6596B3AC-6C77-42A7-93FC-A49086C5C4E5}.Debug|Any CPU.ActiveCfg = Debug|Any CPU
		{6596B3AC-6C77-42A7-93FC-A49086C5C4E5}.Debug|Any CPU.Build.0 = Debug|Any CPU
		{6596B3AC-6C77-42A7-93FC-A49086C5C4E5}.Release|Any CPU.ActiveCfg = Release|Any CPU
		{6596B3AC-6C77-42A7-93FC-A49086C5C4E5}.Release|Any CPU.Build.0 = Release|Any CPU
		{12A7207B-FF75-41B0-9F84-265295460BA9}.Debug|Any CPU.ActiveCfg = Debug|Any CPU
		{12A7207B-FF75-41B0-9F84-265295460BA9}.Debug|Any CPU.Build.0 = Debug|Any CPU
		{12A7207B-FF75-41B0-9F84-265295460BA9}.Release|Any CPU.ActiveCfg = Release|Any CPU
		{12A7207B-FF75-41B0-9F84-265295460BA9}.Release|Any CPU.Build.0 = Release|Any CPU
		{A084EB95-8291-4F31-9A19-35A321C32F3E}.Debug|Any CPU.ActiveCfg = Debug|Any CPU
		{A084EB95-8291-4F31-9A19-35A321C32F3E}.Debug|Any CPU.Build.0 = Debug|Any CPU
		{A084EB95-8291-4F31-9A19-35A321C32F3E}.Release|Any CPU.ActiveCfg = Release|Any CPU
		{A084EB95-8291-4F31-9A19-35A321C32F3E}.Release|Any CPU.Build.0 = Release|Any CPU
		{7249253C-4AB2-409E-9AC9-DBD8F8D31E8B}.Debug|Any CPU.ActiveCfg = Debug|Any CPU
		{7249253C-4AB2-409E-9AC9-DBD8F8D31E8B}.Debug|Any CPU.Build.0 = Debug|Any CPU
		{7249253C-4AB2-409E-9AC9-DBD8F8D31E8B}.Release|Any CPU.ActiveCfg = Release|Any CPU
		{7249253C-4AB2-409E-9AC9-DBD8F8D31E8B}.Release|Any CPU.Build.0 = Release|Any CPU
		{7A5B2469-B97C-4031-9A47-BEB06C69AD33}.Debug|Any CPU.ActiveCfg = Debug|Any CPU
		{7A5B2469-B97C-4031-9A47-BEB06C69AD33}.Debug|Any CPU.Build.0 = Debug|Any CPU
		{7A5B2469-B97C-4031-9A47-BEB06C69AD33}.Release|Any CPU.ActiveCfg = Release|Any CPU
		{7A5B2469-B97C-4031-9A47-BEB06C69AD33}.Release|Any CPU.Build.0 = Release|Any CPU
		{6D6AF6A1-9C29-4FE0-A637-8E52B82583CE}.Debug|Any CPU.ActiveCfg = Debug|Any CPU
		{6D6AF6A1-9C29-4FE0-A637-8E52B82583CE}.Debug|Any CPU.Build.0 = Debug|Any CPU
		{6D6AF6A1-9C29-4FE0-A637-8E52B82583CE}.Release|Any CPU.ActiveCfg = Release|Any CPU
		{6D6AF6A1-9C29-4FE0-A637-8E52B82583CE}.Release|Any CPU.Build.0 = Release|Any CPU
		{6AA3F9AF-6A70-4EF9-A1B2-52E5CACED215}.Debug|Any CPU.ActiveCfg = Debug|Any CPU
		{6AA3F9AF-6A70-4EF9-A1B2-52E5CACED215}.Debug|Any CPU.Build.0 = Debug|Any CPU
		{6AA3F9AF-6A70-4EF9-A1B2-52E5CACED215}.Release|Any CPU.ActiveCfg = Release|Any CPU
		{6AA3F9AF-6A70-4EF9-A1B2-52E5CACED215}.Release|Any CPU.Build.0 = Release|Any CPU
		{03FE4AEB-105C-44AC-B27E-DED3F21DE8A2}.Debug|Any CPU.ActiveCfg = Debug|Any CPU
		{03FE4AEB-105C-44AC-B27E-DED3F21DE8A2}.Debug|Any CPU.Build.0 = Debug|Any CPU
		{03FE4AEB-105C-44AC-B27E-DED3F21DE8A2}.Release|Any CPU.ActiveCfg = Release|Any CPU
		{03FE4AEB-105C-44AC-B27E-DED3F21DE8A2}.Release|Any CPU.Build.0 = Release|Any CPU
		{78517DCD-228E-4A6B-B987-60571AE11FFD}.Debug|Any CPU.ActiveCfg = Debug|Any CPU
		{78517DCD-228E-4A6B-B987-60571AE11FFD}.Debug|Any CPU.Build.0 = Debug|Any CPU
		{78517DCD-228E-4A6B-B987-60571AE11FFD}.Release|Any CPU.ActiveCfg = Release|Any CPU
		{78517DCD-228E-4A6B-B987-60571AE11FFD}.Release|Any CPU.Build.0 = Release|Any CPU
		{062E1CBF-5F92-4943-960E-29EDC209DEE0}.Debug|Any CPU.ActiveCfg = Debug|Any CPU
		{062E1CBF-5F92-4943-960E-29EDC209DEE0}.Debug|Any CPU.Build.0 = Debug|Any CPU
		{062E1CBF-5F92-4943-960E-29EDC209DEE0}.Release|Any CPU.ActiveCfg = Release|Any CPU
		{062E1CBF-5F92-4943-960E-29EDC209DEE0}.Release|Any CPU.Build.0 = Release|Any CPU
	EndGlobalSection
	GlobalSection(SolutionProperties) = preSolution
		HideSolutionNode = FALSE
	EndGlobalSection
	GlobalSection(ExtensibilityGlobals) = postSolution
		SolutionGuid = {FF66DCA8-FD5B-4237-AC7A-7C943ACCC9E9}
	EndGlobalSection
EndGlobal
